
Microsoft Visual Studio Solution File, Format Version 12.00
# Visual Studio Version 16
VisualStudioVersion = 16.0.31313.79
MinimumVisualStudioVersion = 10.0.40219.1
Project("{FAE04EC0-301F-11D3-BF4B-00C04F79EFBC}") = "ShapeDrawing", "ShapeDrawing\ShapeDrawing.csproj", "{9813DA2E-2EB8-4A27-BB78-042FB7F61425}"
EndProject
Global
	GlobalSection(SolutionConfigurationPlatforms) = preSolution
		Debug|Any CPU = Debug|Any CPU
		Release|Any CPU = Release|Any CPU
	EndGlobalSection
	GlobalSection(ProjectConfigurationPlatforms) = postSolution
		{9813DA2E-2EB8-4A27-BB78-042FB7F61425}.Debug|Any CPU.ActiveCfg = Debug|Any CPU
		{9813DA2E-2EB8-4A27-BB78-042FB7F61425}.Debug|Any CPU.Build.0 = Debug|Any CPU
		{9813DA2E-2EB8-4A27-BB78-042FB7F61425}.Release|Any CPU.ActiveCfg = Release|Any CPU
		{9813DA2E-2EB8-4A27-BB78-042FB7F61425}.Release|Any CPU.Build.0 = Release|Any CPU
	EndGlobalSection
	GlobalSection(SolutionProperties) = preSolution
		HideSolutionNode = FALSE
	EndGlobalSection
	GlobalSection(ExtensibilityGlobals) = postSolution
		SolutionGuid = {9E69B384-1B32-4BA2-B478-FF89CAFAE001}
	EndGlobalSection
EndGlobal
